
Microsoft Visual Studio Solution File, Format Version 12.00
# Visual Studio Version 17
VisualStudioVersion = 17.8.34330.188
MinimumVisualStudioVersion = 10.0.40219.1
Project("{FAE04EC0-301F-11D3-BF4B-00C04F79EFBC}") = "Projet GSB", "Projet GSB\Projet GSB.csproj", "{118B2A95-1D13-400C-AC1A-26B9B1A4CC71}"
EndProject
Project("{FAE04EC0-301F-11D3-BF4B-00C04F79EFBC}") = "CoucheMetier", "CoucheMetier\CoucheMetier.csproj", "{6945433A-6119-40A1-A312-3937DA3C634A}"
EndProject
Project("{FAE04EC0-301F-11D3-BF4B-00C04F79EFBC}") = "CoucheAccesDonnees", "CoucheAccesDonnees\CoucheAccesDonnees.csproj", "{9C1451CD-0DF9-490A-8A17-66B48C679C2D}"
EndProject
Global
	GlobalSection(SolutionConfigurationPlatforms) = preSolution
		Debug|Any CPU = Debug|Any CPU
		Release|Any CPU = Release|Any CPU
	EndGlobalSection
	GlobalSection(ProjectConfigurationPlatforms) = postSolution
		{118B2A95-1D13-400C-AC1A-26B9B1A4CC71}.Debug|Any CPU.ActiveCfg = Debug|Any CPU
		{118B2A95-1D13-400C-AC1A-26B9B1A4CC71}.Debug|Any CPU.Build.0 = Debug|Any CPU
		{118B2A95-1D13-400C-AC1A-26B9B1A4CC71}.Release|Any CPU.ActiveCfg = Release|Any CPU
		{118B2A95-1D13-400C-AC1A-26B9B1A4CC71}.Release|Any CPU.Build.0 = Release|Any CPU
		{6945433A-6119-40A1-A312-3937DA3C634A}.Debug|Any CPU.ActiveCfg = Debug|Any CPU
		{6945433A-6119-40A1-A312-3937DA3C634A}.Debug|Any CPU.Build.0 = Debug|Any CPU
		{6945433A-6119-40A1-A312-3937DA3C634A}.Release|Any CPU.ActiveCfg = Release|Any CPU
		{6945433A-6119-40A1-A312-3937DA3C634A}.Release|Any CPU.Build.0 = Release|Any CPU
		{9C1451CD-0DF9-490A-8A17-66B48C679C2D}.Debug|Any CPU.ActiveCfg = Debug|Any CPU
		{9C1451CD-0DF9-490A-8A17-66B48C679C2D}.Debug|Any CPU.Build.0 = Debug|Any CPU
		{9C1451CD-0DF9-490A-8A17-66B48C679C2D}.Release|Any CPU.ActiveCfg = Release|Any CPU
		{9C1451CD-0DF9-490A-8A17-66B48C679C2D}.Release|Any CPU.Build.0 = Release|Any CPU
	EndGlobalSection
	GlobalSection(SolutionProperties) = preSolution
		HideSolutionNode = FALSE
	EndGlobalSection
	GlobalSection(ExtensibilityGlobals) = postSolution
		SolutionGuid = {65B84207-8596-4E6B-81DA-7E19F0647BE6}
	EndGlobalSection
EndGlobal
